
Microsoft Visual Studio Solution File, Format Version 12.00
# Visual Studio 15
VisualStudioVersion = 15.0.28307.168
MinimumVisualStudioVersion = 10.0.40219.1
Project("{FAE04EC0-301F-11D3-BF4B-00C04F79EFBC}") = "Basic data typr conversions", "Basic data typr conversions\Basic data typr conversions.csproj", "{248F79DB-77D3-4F06-8003-EC73C4B29A71}"
EndProject
Global
	GlobalSection(SolutionConfigurationPlatforms) = preSolution
		Debug|Any CPU = Debug|Any CPU
		Release|Any CPU = Release|Any CPU
	EndGlobalSection
	GlobalSection(ProjectConfigurationPlatforms) = postSolution
		{248F79DB-77D3-4F06-8003-EC73C4B29A71}.Debug|Any CPU.ActiveCfg = Debug|Any CPU
		{248F79DB-77D3-4F06-8003-EC73C4B29A71}.Debug|Any CPU.Build.0 = Debug|Any CPU
		{248F79DB-77D3-4F06-8003-EC73C4B29A71}.Release|Any CPU.ActiveCfg = Release|Any CPU
		{248F79DB-77D3-4F06-8003-EC73C4B29A71}.Release|Any CPU.Build.0 = Release|Any CPU
	EndGlobalSection
	GlobalSection(SolutionProperties) = preSolution
		HideSolutionNode = FALSE
	EndGlobalSection
	GlobalSection(ExtensibilityGlobals) = postSolution
		SolutionGuid = {47916F6D-3923-42EA-A667-1677DCE1324E}
	EndGlobalSection
EndGlobal
