
Microsoft Visual Studio Solution File, Format Version 12.00
# Visual Studio 15
VisualStudioVersion = 15.0.28307.168
MinimumVisualStudioVersion = 10.0.40219.1
Project("{FAE04EC0-301F-11D3-BF4B-00C04F79EFBC}") = "Parameter ref and out", "Parameter ref and out\Parameter ref and out.csproj", "{33C02EE9-0F8D-4BA7-AFFF-6408DB4A31B0}"
EndProject
Global
	GlobalSection(SolutionConfigurationPlatforms) = preSolution
		Debug|Any CPU = Debug|Any CPU
		Release|Any CPU = Release|Any CPU
	EndGlobalSection
	GlobalSection(ProjectConfigurationPlatforms) = postSolution
		{33C02EE9-0F8D-4BA7-AFFF-6408DB4A31B0}.Debug|Any CPU.ActiveCfg = Debug|Any CPU
		{33C02EE9-0F8D-4BA7-AFFF-6408DB4A31B0}.Debug|Any CPU.Build.0 = Debug|Any CPU
		{33C02EE9-0F8D-4BA7-AFFF-6408DB4A31B0}.Release|Any CPU.ActiveCfg = Release|Any CPU
		{33C02EE9-0F8D-4BA7-AFFF-6408DB4A31B0}.Release|Any CPU.Build.0 = Release|Any CPU
	EndGlobalSection
	GlobalSection(SolutionProperties) = preSolution
		HideSolutionNode = FALSE
	EndGlobalSection
	GlobalSection(ExtensibilityGlobals) = postSolution
		SolutionGuid = {6ACF5B92-6225-4ADA-ACE9-CF8CBAB97EEC}
	EndGlobalSection
EndGlobal
